
Microsoft Visual Studio Solution File, Format Version 12.00
# Visual Studio 15
VisualStudioVersion = 15.0.28010.2041
MinimumVisualStudioVersion = 10.0.40219.1
Project("{FAE04EC0-301F-11D3-BF4B-00C04F79EFBC}") = "Esempio", "Esempio\Esempio.csproj", "{CAB27695-E563-4253-969D-01CD4FBC3E39}"
EndProject
Global
	GlobalSection(SolutionConfigurationPlatforms) = preSolution
		Debug|Any CPU = Debug|Any CPU
		Release|Any CPU = Release|Any CPU
	EndGlobalSection
	GlobalSection(ProjectConfigurationPlatforms) = postSolution
		{CAB27695-E563-4253-969D-01CD4FBC3E39}.Debug|Any CPU.ActiveCfg = Debug|Any CPU
		{CAB27695-E563-4253-969D-01CD4FBC3E39}.Debug|Any CPU.Build.0 = Debug|Any CPU
		{CAB27695-E563-4253-969D-01CD4FBC3E39}.Release|Any CPU.ActiveCfg = Release|Any CPU
		{CAB27695-E563-4253-969D-01CD4FBC3E39}.Release|Any CPU.Build.0 = Release|Any CPU
	EndGlobalSection
	GlobalSection(SolutionProperties) = preSolution
		HideSolutionNode = FALSE
	EndGlobalSection
	GlobalSection(ExtensibilityGlobals) = postSolution
		SolutionGuid = {51FCE770-F17C-4B25-B06E-217E3C28A24E}
	EndGlobalSection
EndGlobal
